
Microsoft Visual Studio Solution File, Format Version 12.00
# Visual Studio Version 17
VisualStudioVersion = 17.0.32002.185
MinimumVisualStudioVersion = 10.0.40219.1
Project("{9A19103F-16F7-4668-BE54-9A1E7A4F7556}") = "Church-Api.Host", "Church-Api.Host\Church-Api.Host.csproj", "{E85CE7E6-E490-4FAF-9A45-17777F730CEA}"
EndProject
Project("{FAE04EC0-301F-11D3-BF4B-00C04F79EFBC}") = "Church-Api.Data", "Church-Api.Data\Church-Api.Data.csproj", "{2339638D-91F8-4FA2-8B8C-91F8D7A443E7}"
EndProject
Global
	GlobalSection(SolutionConfigurationPlatforms) = preSolution
		Debug|Any CPU = Debug|Any CPU
		Release|Any CPU = Release|Any CPU
	EndGlobalSection
	GlobalSection(ProjectConfigurationPlatforms) = postSolution
		{E85CE7E6-E490-4FAF-9A45-17777F730CEA}.Debug|Any CPU.ActiveCfg = Debug|Any CPU
		{E85CE7E6-E490-4FAF-9A45-17777F730CEA}.Debug|Any CPU.Build.0 = Debug|Any CPU
		{E85CE7E6-E490-4FAF-9A45-17777F730CEA}.Release|Any CPU.ActiveCfg = Release|Any CPU
		{E85CE7E6-E490-4FAF-9A45-17777F730CEA}.Release|Any CPU.Build.0 = Release|Any CPU
		{2339638D-91F8-4FA2-8B8C-91F8D7A443E7}.Debug|Any CPU.ActiveCfg = Debug|Any CPU
		{2339638D-91F8-4FA2-8B8C-91F8D7A443E7}.Debug|Any CPU.Build.0 = Debug|Any CPU
		{2339638D-91F8-4FA2-8B8C-91F8D7A443E7}.Release|Any CPU.ActiveCfg = Release|Any CPU
		{2339638D-91F8-4FA2-8B8C-91F8D7A443E7}.Release|Any CPU.Build.0 = Release|Any CPU
	EndGlobalSection
	GlobalSection(SolutionProperties) = preSolution
		HideSolutionNode = FALSE
	EndGlobalSection
	GlobalSection(ExtensibilityGlobals) = postSolution
		SolutionGuid = {454E68DA-63B2-4D70-B59B-4FE84DB00FCB}
	EndGlobalSection
EndGlobal
